
Microsoft Visual Studio Solution File, Format Version 12.00
# Visual Studio Version 17
VisualStudioVersion = 17.10.35027.167
MinimumVisualStudioVersion = 10.0.40219.1
Project("{FAE04EC0-301F-11D3-BF4B-00C04F79EFBC}") = "PatikaLibrary", "PatikaLibrary\PatikaLibrary.csproj", "{BAF31913-CBCA-494E-AA74-BADB9414BAB6}"
EndProject
Global
	GlobalSection(SolutionConfigurationPlatforms) = preSolution
		Debug|Any CPU = Debug|Any CPU
		Release|Any CPU = Release|Any CPU
	EndGlobalSection
	GlobalSection(ProjectConfigurationPlatforms) = postSolution
		{BAF31913-CBCA-494E-AA74-BADB9414BAB6}.Debug|Any CPU.ActiveCfg = Debug|Any CPU
		{BAF31913-CBCA-494E-AA74-BADB9414BAB6}.Debug|Any CPU.Build.0 = Debug|Any CPU
		{BAF31913-CBCA-494E-AA74-BADB9414BAB6}.Release|Any CPU.ActiveCfg = Release|Any CPU
		{BAF31913-CBCA-494E-AA74-BADB9414BAB6}.Release|Any CPU.Build.0 = Release|Any CPU
	EndGlobalSection
	GlobalSection(SolutionProperties) = preSolution
		HideSolutionNode = FALSE
	EndGlobalSection
	GlobalSection(ExtensibilityGlobals) = postSolution
		SolutionGuid = {7B878453-A96B-48C1-81A9-7A31C7476B76}
	EndGlobalSection
EndGlobal
